
Microsoft Visual Studio Solution File, Format Version 12.00
# Visual Studio Version 17
VisualStudioVersion = 17.1.32210.238
MinimumVisualStudioVersion = 10.0.40219.1
Project("{FAE04EC0-301F-11D3-BF4B-00C04F79EFBC}") = "NBA_Stats", "NBA_Stats.csproj", "{46E54ACC-86E3-42CA-A955-E2CF14BAA617}"
EndProject
Global
	GlobalSection(SolutionConfigurationPlatforms) = preSolution
		Debug|Any CPU = Debug|Any CPU
		Release|Any CPU = Release|Any CPU
	EndGlobalSection
	GlobalSection(ProjectConfigurationPlatforms) = postSolution
		{46E54ACC-86E3-42CA-A955-E2CF14BAA617}.Debug|Any CPU.ActiveCfg = Debug|Any CPU
		{46E54ACC-86E3-42CA-A955-E2CF14BAA617}.Debug|Any CPU.Build.0 = Debug|Any CPU
		{46E54ACC-86E3-42CA-A955-E2CF14BAA617}.Release|Any CPU.ActiveCfg = Release|Any CPU
		{46E54ACC-86E3-42CA-A955-E2CF14BAA617}.Release|Any CPU.Build.0 = Release|Any CPU
	EndGlobalSection
	GlobalSection(SolutionProperties) = preSolution
		HideSolutionNode = FALSE
	EndGlobalSection
	GlobalSection(ExtensibilityGlobals) = postSolution
		SolutionGuid = {F7D703B6-B96F-41CF-B45B-302F3A70371F}
	EndGlobalSection
EndGlobal
